{
  "name": "Projet Tutore LIC3",
  "lockfileVersion": 3,
  "requires": true,
  "packages": {
    "": {
      "dependencies": {
        "tailgrids": "^2.2.7"
      }
    },
    "node_modules/tailgrids": {
      "version": "2.2.7",
      "resolved": "https://registry.npmjs.org/tailgrids/-/tailgrids-2.2.7.tgz",
      "integrity": "sha512-8sYhAQYwyt7bLSxPq0xUhDM/wrP/xnS5QuoUI+8VrROmCR3RKTOCqarwZP8gKQ2PJwROfVgrzjlOJrHChuBBbQ==",
      "license": "MIT"
    }
  }
}
